
Microsoft Visual Studio Solution File, Format Version 12.00
# Visual Studio Version 17
VisualStudioVersion = 17.8.34525.116
MinimumVisualStudioVersion = 10.0.40219.1
Project("{00D1A9C2-B5F0-4AF3-8072-F6C62B433612}") = "HMSYOGHDB", "HMSYOGHDB.sqlproj", "{47304FDF-8E66-403A-825B-ECE74D317BCB}"
EndProject
Global
	GlobalSection(SolutionConfigurationPlatforms) = preSolution
		Debug|Any CPU = Debug|Any CPU
		Release|Any CPU = Release|Any CPU
	EndGlobalSection
	GlobalSection(ProjectConfigurationPlatforms) = postSolution
		{47304FDF-8E66-403A-825B-ECE74D317BCB}.Debug|Any CPU.ActiveCfg = Debug|Any CPU
		{47304FDF-8E66-403A-825B-ECE74D317BCB}.Debug|Any CPU.Build.0 = Debug|Any CPU
		{47304FDF-8E66-403A-825B-ECE74D317BCB}.Debug|Any CPU.Deploy.0 = Debug|Any CPU
		{47304FDF-8E66-403A-825B-ECE74D317BCB}.Release|Any CPU.ActiveCfg = Release|Any CPU
		{47304FDF-8E66-403A-825B-ECE74D317BCB}.Release|Any CPU.Build.0 = Release|Any CPU
		{47304FDF-8E66-403A-825B-ECE74D317BCB}.Release|Any CPU.Deploy.0 = Release|Any CPU
	EndGlobalSection
	GlobalSection(SolutionProperties) = preSolution
		HideSolutionNode = FALSE
	EndGlobalSection
	GlobalSection(ExtensibilityGlobals) = postSolution
		SolutionGuid = {27BA3B0C-E8AC-44F0-AFE0-A619B7C4893D}
	EndGlobalSection
EndGlobal
